// !$*UTF8*$!
{
	archiveVersion = 1;
	classes = {
	};
	objectVersion = 55;
	objects = {

/* Begin PBXBuildFile section */
		8B0E6A302A379DC500F73A65 /* ProgressHUD in Frameworks */ = {isa = PBXBuildFile; productRef = 8B0E6A2F2A379DC500F73A65 /* ProgressHUD */; };
		8B24D31929FFD2FB00CAAAE0 /* ImagesListViewController.swift in Sources */ = {isa = PBXBuildFile; fileRef = 8B24D31829FFD2FB00CAAAE0 /* ImagesListViewController.swift */; };
		8B41763C2A14120300AC0711 /* SingleImageViewController.swift in Sources */ = {isa = PBXBuildFile; fileRef = 8B41763B2A14120300AC0711 /* SingleImageViewController.swift */; };
		8B4D406229FBC5BE00FD8CB0 /* AppDelegate.swift in Sources */ = {isa = PBXBuildFile; fileRef = 8B4D406129FBC5BE00FD8CB0 /* AppDelegate.swift */; };
		8B4D406429FBC5BE00FD8CB0 /* SceneDelegate.swift in Sources */ = {isa = PBXBuildFile; fileRef = 8B4D406329FBC5BE00FD8CB0 /* SceneDelegate.swift */; };
		8B4D406929FBC5BE00FD8CB0 /* Main.storyboard in Resources */ = {isa = PBXBuildFile; fileRef = 8B4D406729FBC5BE00FD8CB0 /* Main.storyboard */; };
		8B4D406B29FBC5C400FD8CB0 /* Assets.xcassets in Resources */ = {isa = PBXBuildFile; fileRef = 8B4D406A29FBC5C400FD8CB0 /* Assets.xcassets */; };
		8B4D406E29FBC5C400FD8CB0 /* LaunchScreen.storyboard in Resources */ = {isa = PBXBuildFile; fileRef = 8B4D406C29FBC5C400FD8CB0 /* LaunchScreen.storyboard */; };
		8B4EA49D2A293FF40089FC39 /* OAuthTokenResponseBodyModel.swift in Sources */ = {isa = PBXBuildFile; fileRef = 8B4EA49C2A293FF40089FC39 /* OAuthTokenResponseBodyModel.swift */; };
		8B4EA49F2A29407C0089FC39 /* OAuth2Service.swift in Sources */ = {isa = PBXBuildFile; fileRef = 8B4EA49E2A29407C0089FC39 /* OAuth2Service.swift */; };
		8B4EA4A12A2944310089FC39 /* OAuth2TokenStorage.swift in Sources */ = {isa = PBXBuildFile; fileRef = 8B4EA4A02A2944310089FC39 /* OAuth2TokenStorage.swift */; };
		8B4EA4A72A2B4D610089FC39 /* NetworkClient.swift in Sources */ = {isa = PBXBuildFile; fileRef = 8B4EA4A62A2B4D610089FC39 /* NetworkClient.swift */; };
		8B4EA4AA2A2BBE410089FC39 /* SplashViewController.swift in Sources */ = {isa = PBXBuildFile; fileRef = 8B4EA4A92A2BBE410089FC39 /* SplashViewController.swift */; };
		8B5E0EE42A23652F00E22E7A /* Constants.swift in Sources */ = {isa = PBXBuildFile; fileRef = 8B5E0EE32A23652F00E22E7A /* Constants.swift */; };
		8B5E0EE72A238A4F00E22E7A /* AuthViewController.swift in Sources */ = {isa = PBXBuildFile; fileRef = 8B5E0EE62A238A4F00E22E7A /* AuthViewController.swift */; };
		8B5E0EE92A23943800E22E7A /* WebViewViewController.swift in Sources */ = {isa = PBXBuildFile; fileRef = 8B5E0EE82A23943800E22E7A /* WebViewViewController.swift */; };
		8B77C8FA2A00011D00E09E6F /* ImagesListCell.swift in Sources */ = {isa = PBXBuildFile; fileRef = 8B77C8F92A00011D00E09E6F /* ImagesListCell.swift */; };
		8B8E2A8B2A3F102200C6F6B3 /* UIBlockingProgressHUD.swift in Sources */ = {isa = PBXBuildFile; fileRef = 8B8E2A8A2A3F102200C6F6B3 /* UIBlockingProgressHUD.swift */; };
		8B8E2A8D2A3F123B00C6F6B3 /* ProfileService.swift.swift in Sources */ = {isa = PBXBuildFile; fileRef = 8B8E2A8C2A3F123B00C6F6B3 /* ProfileService.swift.swift */; };
		8B8E2A8F2A3F126A00C6F6B3 /* ProfileServiceModel.swift in Sources */ = {isa = PBXBuildFile; fileRef = 8B8E2A8E2A3F126A00C6F6B3 /* ProfileServiceModel.swift */; };
		8B8E2A912A41AAD400C6F6B3 /* ProfileImageService.swift in Sources */ = {isa = PBXBuildFile; fileRef = 8B8E2A902A41AAD400C6F6B3 /* ProfileImageService.swift */; };
		8B8E2A932A41AB4D00C6F6B3 /* ProfileImageServiceModel.swift in Sources */ = {isa = PBXBuildFile; fileRef = 8B8E2A922A41AB4D00C6F6B3 /* ProfileImageServiceModel.swift */; };
		8B8E2A962A41D5CB00C6F6B3 /* ProfileStorage.swift in Sources */ = {isa = PBXBuildFile; fileRef = 8B8E2A952A41D5CB00C6F6B3 /* ProfileStorage.swift */; };
		8B8E4CDB2A43823D006D36AD /* Kingfisher in Frameworks */ = {isa = PBXBuildFile; productRef = 8B8E4CDA2A43823D006D36AD /* Kingfisher */; };
		8B8E4CDE2A443E86006D36AD /* SwiftKeychainWrapper in Frameworks */ = {isa = PBXBuildFile; productRef = 8B8E4CDD2A443E86006D36AD /* SwiftKeychainWrapper */; };
		8B8E4CE22A44CA87006D36AD /* TabBarController.swift in Sources */ = {isa = PBXBuildFile; fileRef = 8B8E4CE12A44CA87006D36AD /* TabBarController.swift */; };
		8B8E4CE42A4A3BC1006D36AD /* ImageListModel.swift in Sources */ = {isa = PBXBuildFile; fileRef = 8B8E4CE32A4A3BC1006D36AD /* ImageListModel.swift */; };
		8B8E4CE72A4A3EC1006D36AD /* ImagesListService.swift in Sources */ = {isa = PBXBuildFile; fileRef = 8B8E4CE62A4A3EC0006D36AD /* ImagesListService.swift */; };
		8B8E4CE92A4B80BB006D36AD /* ImagesListStorage.swift in Sources */ = {isa = PBXBuildFile; fileRef = 8B8E4CE82A4B80BB006D36AD /* ImagesListStorage.swift */; };
		8B8E4CF12A4B824A006D36AD /* ImageFeedTests.swift in Sources */ = {isa = PBXBuildFile; fileRef = 8B8E4CF02A4B824A006D36AD /* ImageFeedTests.swift */; };
		8BBD6B012A127A61005003C5 /* ProfileViewController.swift in Sources */ = {isa = PBXBuildFile; fileRef = 8BBD6B002A127A61005003C5 /* ProfileViewController.swift */; };
/* End PBXBuildFile section */

/* Begin PBXContainerItemProxy section */
		8B8E4CF22A4B824A006D36AD /* PBXContainerItemProxy */ = {
			isa = PBXContainerItemProxy;
			containerPortal = 8B4D405629FBC5BD00FD8CB0 /* Project object */;
			proxyType = 1;
			remoteGlobalIDString = 8B4D405D29FBC5BD00FD8CB0;
			remoteInfo = ImageFeed;
		};
/* End PBXContainerItemProxy section */

/* Begin PBXFileReference section */
		8B24D31829FFD2FB00CAAAE0 /* ImagesListViewController.swift */ = {isa = PBXFileReference; fileEncoding = 4; lastKnownFileType = sourcecode.swift; path = ImagesListViewController.swift; sourceTree = "<group>"; };
		8B41763B2A14120300AC0711 /* SingleImageViewController.swift */ = {isa = PBXFileReference; lastKnownFileType = sourcecode.swift; path = SingleImageViewController.swift; sourceTree = "<group>"; };
		8B4D405E29FBC5BE00FD8CB0 /* ImageFeed.app */ = {isa = PBXFileReference; explicitFileType = wrapper.application; includeInIndex = 0; path = ImageFeed.app; sourceTree = BUILT_PRODUCTS_DIR; };
		8B4D406129FBC5BE00FD8CB0 /* AppDelegate.swift */ = {isa = PBXFileReference; lastKnownFileType = sourcecode.swift; path = AppDelegate.swift; sourceTree = "<group>"; };
		8B4D406329FBC5BE00FD8CB0 /* SceneDelegate.swift */ = {isa = PBXFileReference; lastKnownFileType = sourcecode.swift; path = SceneDelegate.swift; sourceTree = "<group>"; };
		8B4D406829FBC5BE00FD8CB0 /* Base */ = {isa = PBXFileReference; lastKnownFileType = file.storyboard; name = Base; path = Base.lproj/Main.storyboard; sourceTree = "<group>"; };
		8B4D406A29FBC5C400FD8CB0 /* Assets.xcassets */ = {isa = PBXFileReference; lastKnownFileType = folder.assetcatalog; path = Assets.xcassets; sourceTree = "<group>"; };
		8B4D406D29FBC5C400FD8CB0 /* Base */ = {isa = PBXFileReference; lastKnownFileType = file.storyboard; name = Base; path = Base.lproj/LaunchScreen.storyboard; sourceTree = "<group>"; };
		8B4D406F29FBC5C400FD8CB0 /* Info.plist */ = {isa = PBXFileReference; lastKnownFileType = text.plist.xml; path = Info.plist; sourceTree = "<group>"; };
		8B4EA49C2A293FF40089FC39 /* OAuthTokenResponseBodyModel.swift */ = {isa = PBXFileReference; lastKnownFileType = sourcecode.swift; path = OAuthTokenResponseBodyModel.swift; sourceTree = "<group>"; };
		8B4EA49E2A29407C0089FC39 /* OAuth2Service.swift */ = {isa = PBXFileReference; lastKnownFileType = sourcecode.swift; path = OAuth2Service.swift; sourceTree = "<group>"; };
		8B4EA4A02A2944310089FC39 /* OAuth2TokenStorage.swift */ = {isa = PBXFileReference; lastKnownFileType = sourcecode.swift; path = OAuth2TokenStorage.swift; sourceTree = "<group>"; };
		8B4EA4A62A2B4D610089FC39 /* NetworkClient.swift */ = {isa = PBXFileReference; lastKnownFileType = sourcecode.swift; path = NetworkClient.swift; sourceTree = "<group>"; };
		8B4EA4A92A2BBE410089FC39 /* SplashViewController.swift */ = {isa = PBXFileReference; lastKnownFileType = sourcecode.swift; path = SplashViewController.swift; sourceTree = "<group>"; };
		8B5E0EE32A23652F00E22E7A /* Constants.swift */ = {isa = PBXFileReference; lastKnownFileType = sourcecode.swift; path = Constants.swift; sourceTree = "<group>"; };
		8B5E0EE62A238A4F00E22E7A /* AuthViewController.swift */ = {isa = PBXFileReference; lastKnownFileType = sourcecode.swift; path = AuthViewController.swift; sourceTree = "<group>"; };
		8B5E0EE82A23943800E22E7A /* WebViewViewController.swift */ = {isa = PBXFileReference; lastKnownFileType = sourcecode.swift; path = WebViewViewController.swift; sourceTree = "<group>"; };
		8B77C8F92A00011D00E09E6F /* ImagesListCell.swift */ = {isa = PBXFileReference; lastKnownFileType = sourcecode.swift; path = ImagesListCell.swift; sourceTree = "<group>"; };
		8B8E2A8A2A3F102200C6F6B3 /* UIBlockingProgressHUD.swift */ = {isa = PBXFileReference; lastKnownFileType = sourcecode.swift; path = UIBlockingProgressHUD.swift; sourceTree = "<group>"; };
		8B8E2A8C2A3F123B00C6F6B3 /* ProfileService.swift.swift */ = {isa = PBXFileReference; lastKnownFileType = sourcecode.swift; path = ProfileService.swift.swift; sourceTree = "<group>"; };
		8B8E2A8E2A3F126A00C6F6B3 /* ProfileServiceModel.swift */ = {isa = PBXFileReference; lastKnownFileType = sourcecode.swift; path = ProfileServiceModel.swift; sourceTree = "<group>"; };
		8B8E2A902A41AAD400C6F6B3 /* ProfileImageService.swift */ = {isa = PBXFileReference; lastKnownFileType = sourcecode.swift; path = ProfileImageService.swift; sourceTree = "<group>"; };
		8B8E2A922A41AB4D00C6F6B3 /* ProfileImageServiceModel.swift */ = {isa = PBXFileReference; lastKnownFileType = sourcecode.swift; path = ProfileImageServiceModel.swift; sourceTree = "<group>"; };
		8B8E2A952A41D5CB00C6F6B3 /* ProfileStorage.swift */ = {isa = PBXFileReference; lastKnownFileType = sourcecode.swift; path = ProfileStorage.swift; sourceTree = "<group>"; };
		8B8E4CE12A44CA87006D36AD /* TabBarController.swift */ = {isa = PBXFileReference; lastKnownFileType = sourcecode.swift; path = TabBarController.swift; sourceTree = "<group>"; };
		8B8E4CE32A4A3BC1006D36AD /* ImageListModel.swift */ = {isa = PBXFileReference; lastKnownFileType = sourcecode.swift; path = ImageListModel.swift; sourceTree = "<group>"; };
		8B8E4CE62A4A3EC0006D36AD /* ImagesListService.swift */ = {isa = PBXFileReference; lastKnownFileType = sourcecode.swift; path = ImagesListService.swift; sourceTree = "<group>"; };
		8B8E4CE82A4B80BB006D36AD /* ImagesListStorage.swift */ = {isa = PBXFileReference; lastKnownFileType = sourcecode.swift; path = ImagesListStorage.swift; sourceTree = "<group>"; };
		8B8E4CEE2A4B824A006D36AD /* ImageFeedTests.xctest */ = {isa = PBXFileReference; explicitFileType = wrapper.cfbundle; includeInIndex = 0; path = ImageFeedTests.xctest; sourceTree = BUILT_PRODUCTS_DIR; };
		8B8E4CF02A4B824A006D36AD /* ImageFeedTests.swift */ = {isa = PBXFileReference; lastKnownFileType = sourcecode.swift; path = ImageFeedTests.swift; sourceTree = "<group>"; };
		8BBD6B002A127A61005003C5 /* ProfileViewController.swift */ = {isa = PBXFileReference; lastKnownFileType = sourcecode.swift; path = ProfileViewController.swift; sourceTree = "<group>"; };
/* End PBXFileReference section */

/* Begin PBXFrameworksBuildPhase section */
		8B4D405B29FBC5BD00FD8CB0 /* Frameworks */ = {
			isa = PBXFrameworksBuildPhase;
			buildActionMask = 2147483647;
			files = (
				8B8E4CDB2A43823D006D36AD /* Kingfisher in Frameworks */,
				8B0E6A302A379DC500F73A65 /* ProgressHUD in Frameworks */,
				8B8E4CDE2A443E86006D36AD /* SwiftKeychainWrapper in Frameworks */,
			);
			runOnlyForDeploymentPostprocessing = 0;
		};
		8B8E4CEB2A4B824A006D36AD /* Frameworks */ = {
			isa = PBXFrameworksBuildPhase;
			buildActionMask = 2147483647;
			files = (
			);
			runOnlyForDeploymentPostprocessing = 0;
		};
/* End PBXFrameworksBuildPhase section */

/* Begin PBXGroup section */
		8B41763A2A1411E600AC0711 /* SingleImageView */ = {
			isa = PBXGroup;
			children = (
				8B41763B2A14120300AC0711 /* SingleImageViewController.swift */,
			);
			path = SingleImageView;
			sourceTree = "<group>";
		};
		8B4D405529FBC5BD00FD8CB0 = {
			isa = PBXGroup;
			children = (
				8B4D406029FBC5BE00FD8CB0 /* ImageFeed */,
				8B8E4CEF2A4B824A006D36AD /* ImageFeedTests */,
				8B4D405F29FBC5BE00FD8CB0 /* Products */,
			);
			sourceTree = "<group>";
		};
		8B4D405F29FBC5BE00FD8CB0 /* Products */ = {
			isa = PBXGroup;
			children = (
				8B4D405E29FBC5BE00FD8CB0 /* ImageFeed.app */,
				8B8E4CEE2A4B824A006D36AD /* ImageFeedTests.xctest */,
			);
			name = Products;
			sourceTree = "<group>";
		};
		8B4D406029FBC5BE00FD8CB0 /* ImageFeed */ = {
			isa = PBXGroup;
			children = (
				8B4D406129FBC5BE00FD8CB0 /* AppDelegate.swift */,
				8B4D406329FBC5BE00FD8CB0 /* SceneDelegate.swift */,
				8B5E0EE32A23652F00E22E7A /* Constants.swift */,
				8B8E4CDF2A44CA35006D36AD /* ViewControllers */,
				8B4EA4A22A2A6F800089FC39 /* Models */,
				8B4EA4A52A2B4CE60089FC39 /* Services */,
				8B4D406729FBC5BE00FD8CB0 /* Main.storyboard */,
				8B4D406A29FBC5C400FD8CB0 /* Assets.xcassets */,
				8B4D406C29FBC5C400FD8CB0 /* LaunchScreen.storyboard */,
				8B4D406F29FBC5C400FD8CB0 /* Info.plist */,
			);
			path = ImageFeed;
			sourceTree = "<group>";
		};
		8B4EA4A22A2A6F800089FC39 /* Models */ = {
			isa = PBXGroup;
			children = (
				8B4EA49C2A293FF40089FC39 /* OAuthTokenResponseBodyModel.swift */,
				8B8E2A8E2A3F126A00C6F6B3 /* ProfileServiceModel.swift */,
				8B8E2A922A41AB4D00C6F6B3 /* ProfileImageServiceModel.swift */,
				8B8E4CE32A4A3BC1006D36AD /* ImageListModel.swift */,
			);
			path = Models;
			sourceTree = "<group>";
		};
		8B4EA4A52A2B4CE60089FC39 /* Services */ = {
			isa = PBXGroup;
			children = (
				8B8E4CE52A4A3EAC006D36AD /* Images */,
				8B8E2A942A41D5AB00C6F6B3 /* Profile */,
				8B4EA4AB2A2E0E8A0089FC39 /* OAuth */,
				8B4EA4A62A2B4D610089FC39 /* NetworkClient.swift */,
				8B8E2A8A2A3F102200C6F6B3 /* UIBlockingProgressHUD.swift */,
			);
			path = Services;
			sourceTree = "<group>";
		};
		8B4EA4A82A2BBE2B0089FC39 /* StartUpController */ = {
			isa = PBXGroup;
			children = (
				8B4EA4A92A2BBE410089FC39 /* SplashViewController.swift */,
			);
			path = StartUpController;
			sourceTree = "<group>";
		};
		8B4EA4AB2A2E0E8A0089FC39 /* OAuth */ = {
			isa = PBXGroup;
			children = (
				8B4EA4A02A2944310089FC39 /* OAuth2TokenStorage.swift */,
				8B4EA49E2A29407C0089FC39 /* OAuth2Service.swift */,
			);
			path = OAuth;
			sourceTree = "<group>";
		};
		8B5E0EE52A238A3C00E22E7A /* Auth */ = {
			isa = PBXGroup;
			children = (
				8B5E0EE62A238A4F00E22E7A /* AuthViewController.swift */,
				8B5E0EE82A23943800E22E7A /* WebViewViewController.swift */,
			);
			path = Auth;
			sourceTree = "<group>";
		};
		8B77C8FB2A00015000E09E6F /* ImagesList */ = {
			isa = PBXGroup;
			children = (
				8B77C8F92A00011D00E09E6F /* ImagesListCell.swift */,
				8B24D31829FFD2FB00CAAAE0 /* ImagesListViewController.swift */,
			);
			path = ImagesList;
			sourceTree = "<group>";
		};
		8B8E2A942A41D5AB00C6F6B3 /* Profile */ = {
			isa = PBXGroup;
			children = (
				8B8E2A902A41AAD400C6F6B3 /* ProfileImageService.swift */,
				8B8E2A8C2A3F123B00C6F6B3 /* ProfileService.swift.swift */,
				8B8E2A952A41D5CB00C6F6B3 /* ProfileStorage.swift */,
			);
			path = Profile;
			sourceTree = "<group>";
		};
		8B8E4CDF2A44CA35006D36AD /* ViewControllers */ = {
			isa = PBXGroup;
			children = (
				8B8E4CE02A44CA75006D36AD /* TabBar */,
				8B77C8FB2A00015000E09E6F /* ImagesList */,
				8BBD6AFF2A127A1F005003C5 /* Profile */,
				8B41763A2A1411E600AC0711 /* SingleImageView */,
				8B5E0EE52A238A3C00E22E7A /* Auth */,
				8B4EA4A82A2BBE2B0089FC39 /* StartUpController */,
			);
			path = ViewControllers;
			sourceTree = "<group>";
		};
		8B8E4CE02A44CA75006D36AD /* TabBar */ = {
			isa = PBXGroup;
			children = (
				8B8E4CE12A44CA87006D36AD /* TabBarController.swift */,
			);
			path = TabBar;
			sourceTree = "<group>";
		};
		8B8E4CE52A4A3EAC006D36AD /* Images */ = {
			isa = PBXGroup;
			children = (
				8B8E4CE62A4A3EC0006D36AD /* ImagesListService.swift */,
				8B8E4CE82A4B80BB006D36AD /* ImagesListStorage.swift */,
			);
			path = Images;
			sourceTree = "<group>";
		};
		8B8E4CEF2A4B824A006D36AD /* ImageFeedTests */ = {
			isa = PBXGroup;
			children = (
				8B8E4CF02A4B824A006D36AD /* ImageFeedTests.swift */,
			);
			path = ImageFeedTests;
			sourceTree = "<group>";
		};
		8BBD6AFF2A127A1F005003C5 /* Profile */ = {
			isa = PBXGroup;
			children = (
				8BBD6B002A127A61005003C5 /* ProfileViewController.swift */,
			);
			path = Profile;
			sourceTree = "<group>";
		};
/* End PBXGroup section */

/* Begin PBXNativeTarget section */
		8B4D405D29FBC5BD00FD8CB0 /* ImageFeed */ = {
			isa = PBXNativeTarget;
			buildConfigurationList = 8B4D407229FBC5C400FD8CB0 /* Build configuration list for PBXNativeTarget "ImageFeed" */;
			buildPhases = (
				8B4D405A29FBC5BD00FD8CB0 /* Sources */,
				8B4D405B29FBC5BD00FD8CB0 /* Frameworks */,
				8B4D405C29FBC5BD00FD8CB0 /* Resources */,
			);
			buildRules = (
			);
			dependencies = (
			);
			name = ImageFeed;
			packageProductDependencies = (
				8B0E6A2F2A379DC500F73A65 /* ProgressHUD */,
				8B8E4CDA2A43823D006D36AD /* Kingfisher */,
				8B8E4CDD2A443E86006D36AD /* SwiftKeychainWrapper */,
			);
			productName = ImageFeed;
			productReference = 8B4D405E29FBC5BE00FD8CB0 /* ImageFeed.app */;
			productType = "com.apple.product-type.application";
		};
		8B8E4CED2A4B824A006D36AD /* ImageFeedTests */ = {
			isa = PBXNativeTarget;
			buildConfigurationList = 8B8E4CF42A4B824A006D36AD /* Build configuration list for PBXNativeTarget "ImageFeedTests" */;
			buildPhases = (
				8B8E4CEA2A4B824A006D36AD /* Sources */,
				8B8E4CEB2A4B824A006D36AD /* Frameworks */,
				8B8E4CEC2A4B824A006D36AD /* Resources */,
			);
			buildRules = (
			);
			dependencies = (
				8B8E4CF32A4B824A006D36AD /* PBXTargetDependency */,
			);
			name = ImageFeedTests;
			productName = ImageFeedTests;
			productReference = 8B8E4CEE2A4B824A006D36AD /* ImageFeedTests.xctest */;
			productType = "com.apple.product-type.bundle.unit-test";
		};
/* End PBXNativeTarget section */

/* Begin PBXProject section */
		8B4D405629FBC5BD00FD8CB0 /* Project object */ = {
			isa = PBXProject;
			attributes = {
				BuildIndependentTargetsInParallel = 1;
				LastSwiftUpdateCheck = 1340;
				LastUpgradeCheck = 1340;
				TargetAttributes = {
					8B4D405D29FBC5BD00FD8CB0 = {
						CreatedOnToolsVersion = 13.4.1;
					};
					8B8E4CED2A4B824A006D36AD = {
						CreatedOnToolsVersion = 13.4.1;
						TestTargetID = 8B4D405D29FBC5BD00FD8CB0;
					};
				};
			};
			buildConfigurationList = 8B4D405929FBC5BD00FD8CB0 /* Build configuration list for PBXProject "ImageFeed" */;
			compatibilityVersion = "Xcode 13.0";
			developmentRegion = en;
			hasScannedForEncodings = 0;
			knownRegions = (
				en,
				Base,
			);
			mainGroup = 8B4D405529FBC5BD00FD8CB0;
			packageReferences = (
				8B0E6A2E2A379DC500F73A65 /* XCRemoteSwiftPackageReference "ProgressHUD" */,
				8B8E4CD92A43823D006D36AD /* XCRemoteSwiftPackageReference "Kingfisher" */,
				8B8E4CDC2A443E86006D36AD /* XCRemoteSwiftPackageReference "SwiftKeychainWrapper" */,
			);
			productRefGroup = 8B4D405F29FBC5BE00FD8CB0 /* Products */;
			projectDirPath = "";
			projectRoot = "";
			targets = (
				8B4D405D29FBC5BD00FD8CB0 /* ImageFeed */,
				8B8E4CED2A4B824A006D36AD /* ImageFeedTests */,
			);
		};
/* End PBXProject section */

/* Begin PBXResourcesBuildPhase section */
		8B4D405C29FBC5BD00FD8CB0 /* Resources */ = {
			isa = PBXResourcesBuildPhase;
			buildActionMask = 2147483647;
			files = (
				8B4D406E29FBC5C400FD8CB0 /* LaunchScreen.storyboard in Resources */,
				8B4D406B29FBC5C400FD8CB0 /* Assets.xcassets in Resources */,
				8B4D406929FBC5BE00FD8CB0 /* Main.storyboard in Resources */,
			);
			runOnlyForDeploymentPostprocessing = 0;
		};
		8B8E4CEC2A4B824A006D36AD /* Resources */ = {
			isa = PBXResourcesBuildPhase;
			buildActionMask = 2147483647;
			files = (
			);
			runOnlyForDeploymentPostprocessing = 0;
		};
/* End PBXResourcesBuildPhase section */

/* Begin PBXSourcesBuildPhase section */
		8B4D405A29FBC5BD00FD8CB0 /* Sources */ = {
			isa = PBXSourcesBuildPhase;
			buildActionMask = 2147483647;
			files = (
				8B4EA4A12A2944310089FC39 /* OAuth2TokenStorage.swift in Sources */,
				8B8E4CE92A4B80BB006D36AD /* ImagesListStorage.swift in Sources */,
				8B8E4CE72A4A3EC1006D36AD /* ImagesListService.swift in Sources */,
				8B8E2A962A41D5CB00C6F6B3 /* ProfileStorage.swift in Sources */,
				8B4EA49D2A293FF40089FC39 /* OAuthTokenResponseBodyModel.swift in Sources */,
				8B8E2A8D2A3F123B00C6F6B3 /* ProfileService.swift.swift in Sources */,
				8B4D406229FBC5BE00FD8CB0 /* AppDelegate.swift in Sources */,
				8B77C8FA2A00011D00E09E6F /* ImagesListCell.swift in Sources */,
				8BBD6B012A127A61005003C5 /* ProfileViewController.swift in Sources */,
				8B8E2A8F2A3F126A00C6F6B3 /* ProfileServiceModel.swift in Sources */,
				8B4EA4AA2A2BBE410089FC39 /* SplashViewController.swift in Sources */,
				8B4EA49F2A29407C0089FC39 /* OAuth2Service.swift in Sources */,
				8B24D31929FFD2FB00CAAAE0 /* ImagesListViewController.swift in Sources */,
				8B8E2A8B2A3F102200C6F6B3 /* UIBlockingProgressHUD.swift in Sources */,
				8B5E0EE72A238A4F00E22E7A /* AuthViewController.swift in Sources */,
				8B8E4CE42A4A3BC1006D36AD /* ImageListModel.swift in Sources */,
				8B8E2A932A41AB4D00C6F6B3 /* ProfileImageServiceModel.swift in Sources */,
				8B5E0EE42A23652F00E22E7A /* Constants.swift in Sources */,
				8B41763C2A14120300AC0711 /* SingleImageViewController.swift in Sources */,
				8B4EA4A72A2B4D610089FC39 /* NetworkClient.swift in Sources */,
				8B8E2A912A41AAD400C6F6B3 /* ProfileImageService.swift in Sources */,
				8B8E4CE22A44CA87006D36AD /* TabBarController.swift in Sources */,
				8B5E0EE92A23943800E22E7A /* WebViewViewController.swift in Sources */,
				8B4D406429FBC5BE00FD8CB0 /* SceneDelegate.swift in Sources */,
			);
			runOnlyForDeploymentPostprocessing = 0;
		};
		8B8E4CEA2A4B824A006D36AD /* Sources */ = {
			isa = PBXSourcesBuildPhase;
			buildActionMask = 2147483647;
			files = (
				8B8E4CF12A4B824A006D36AD /* ImageFeedTests.swift in Sources */,
			);
			runOnlyForDeploymentPostprocessing = 0;
		};
/* End PBXSourcesBuildPhase section */

/* Begin PBXTargetDependency section */
		8B8E4CF32A4B824A006D36AD /* PBXTargetDependency */ = {
			isa = PBXTargetDependency;
			target = 8B4D405D29FBC5BD00FD8CB0 /* ImageFeed */;
			targetProxy = 8B8E4CF22A4B824A006D36AD /* PBXContainerItemProxy */;
		};
/* End PBXTargetDependency section */

/* Begin PBXVariantGroup section */
		8B4D406729FBC5BE00FD8CB0 /* Main.storyboard */ = {
			isa = PBXVariantGroup;
			children = (
				8B4D406829FBC5BE00FD8CB0 /* Base */,
			);
			name = Main.storyboard;
			sourceTree = "<group>";
		};
		8B4D406C29FBC5C400FD8CB0 /* LaunchScreen.storyboard */ = {
			isa = PBXVariantGroup;
			children = (
				8B4D406D29FBC5C400FD8CB0 /* Base */,
			);
			name = LaunchScreen.storyboard;
			sourceTree = "<group>";
		};
/* End PBXVariantGroup section */

/* Begin XCBuildConfiguration section */
		8B4D407029FBC5C400FD8CB0 /* Debug */ = {
			isa = XCBuildConfiguration;
			buildSettings = {
				ALWAYS_SEARCH_USER_PATHS = NO;
				CLANG_ANALYZER_NONNULL = YES;
				CLANG_ANALYZER_NUMBER_OBJECT_CONVERSION = YES_AGGRESSIVE;
				CLANG_CXX_LANGUAGE_STANDARD = "gnu++17";
				CLANG_ENABLE_MODULES = YES;
				CLANG_ENABLE_OBJC_ARC = YES;
				CLANG_ENABLE_OBJC_WEAK = YES;
				CLANG_WARN_BLOCK_CAPTURE_AUTORELEASING = YES;
				CLANG_WARN_BOOL_CONVERSION = YES;
				CLANG_WARN_COMMA = YES;
				CLANG_WARN_CONSTANT_CONVERSION = YES;
				CLANG_WARN_DEPRECATED_OBJC_IMPLEMENTATIONS = YES;
				CLANG_WARN_DIRECT_OBJC_ISA_USAGE = YES_ERROR;
				CLANG_WARN_DOCUMENTATION_COMMENTS = YES;
				CLANG_WARN_EMPTY_BODY = YES;
				CLANG_WARN_ENUM_CONVERSION = YES;
				CLANG_WARN_INFINITE_RECURSION = YES;
				CLANG_WARN_INT_CONVERSION = YES;
				CLANG_WARN_NON_LITERAL_NULL_CONVERSION = YES;
				CLANG_WARN_OBJC_IMPLICIT_RETAIN_SELF = YES;
				CLANG_WARN_OBJC_LITERAL_CONVERSION = YES;
				CLANG_WARN_OBJC_ROOT_CLASS = YES_ERROR;
				CLANG_WARN_QUOTED_INCLUDE_IN_FRAMEWORK_HEADER = YES;
				CLANG_WARN_RANGE_LOOP_ANALYSIS = YES;
				CLANG_WARN_STRICT_PROTOTYPES = YES;
				CLANG_WARN_SUSPICIOUS_MOVE = YES;
				CLANG_WARN_UNGUARDED_AVAILABILITY = YES_AGGRESSIVE;
				CLANG_WARN_UNREACHABLE_CODE = YES;
				CLANG_WARN__DUPLICATE_METHOD_MATCH = YES;
				COPY_PHASE_STRIP = NO;
				DEBUG_INFORMATION_FORMAT = dwarf;
				ENABLE_STRICT_OBJC_MSGSEND = YES;
				ENABLE_TESTABILITY = YES;
				GCC_C_LANGUAGE_STANDARD = gnu11;
				GCC_DYNAMIC_NO_PIC = NO;
				GCC_NO_COMMON_BLOCKS = YES;
				GCC_OPTIMIZATION_LEVEL = 0;
				GCC_PREPROCESSOR_DEFINITIONS = (
					"DEBUG=1",
					"$(inherited)",
				);
				GCC_WARN_64_TO_32_BIT_CONVERSION = YES;
				GCC_WARN_ABOUT_RETURN_TYPE = YES_ERROR;
				GCC_WARN_UNDECLARED_SELECTOR = YES;
				GCC_WARN_UNINITIALIZED_AUTOS = YES_AGGRESSIVE;
				GCC_WARN_UNUSED_FUNCTION = YES;
				GCC_WARN_UNUSED_VARIABLE = YES;
				IPHONEOS_DEPLOYMENT_TARGET = 13.0;
				MTL_ENABLE_DEBUG_INFO = INCLUDE_SOURCE;
				MTL_FAST_MATH = YES;
				ONLY_ACTIVE_ARCH = YES;
				SDKROOT = iphoneos;
				SWIFT_ACTIVE_COMPILATION_CONDITIONS = DEBUG;
				SWIFT_OPTIMIZATION_LEVEL = "-Onone";
			};
			name = Debug;
		};
		8B4D407129FBC5C400FD8CB0 /* Release */ = {
			isa = XCBuildConfiguration;
			buildSettings = {
				ALWAYS_SEARCH_USER_PATHS = NO;
				CLANG_ANALYZER_NONNULL = YES;
				CLANG_ANALYZER_NUMBER_OBJECT_CONVERSION = YES_AGGRESSIVE;
				CLANG_CXX_LANGUAGE_STANDARD = "gnu++17";
				CLANG_ENABLE_MODULES = YES;
				CLANG_ENABLE_OBJC_ARC = YES;
				CLANG_ENABLE_OBJC_WEAK = YES;
				CLANG_WARN_BLOCK_CAPTURE_AUTORELEASING = YES;
				CLANG_WARN_BOOL_CONVERSION = YES;
				CLANG_WARN_COMMA = YES;
				CLANG_WARN_CONSTANT_CONVERSION = YES;
				CLANG_WARN_DEPRECATED_OBJC_IMPLEMENTATIONS = YES;
				CLANG_WARN_DIRECT_OBJC_ISA_USAGE = YES_ERROR;
				CLANG_WARN_DOCUMENTATION_COMMENTS = YES;
				CLANG_WARN_EMPTY_BODY = YES;
				CLANG_WARN_ENUM_CONVERSION = YES;
				CLANG_WARN_INFINITE_RECURSION = YES;
				CLANG_WARN_INT_CONVERSION = YES;
				CLANG_WARN_NON_LITERAL_NULL_CONVERSION = YES;
				CLANG_WARN_OBJC_IMPLICIT_RETAIN_SELF = YES;
				CLANG_WARN_OBJC_LITERAL_CONVERSION = YES;
				CLANG_WARN_OBJC_ROOT_CLASS = YES_ERROR;
				CLANG_WARN_QUOTED_INCLUDE_IN_FRAMEWORK_HEADER = YES;
				CLANG_WARN_RANGE_LOOP_ANALYSIS = YES;
				CLANG_WARN_STRICT_PROTOTYPES = YES;
				CLANG_WARN_SUSPICIOUS_MOVE = YES;
				CLANG_WARN_UNGUARDED_AVAILABILITY = YES_AGGRESSIVE;
				CLANG_WARN_UNREACHABLE_CODE = YES;
				CLANG_WARN__DUPLICATE_METHOD_MATCH = YES;
				COPY_PHASE_STRIP = NO;
				DEBUG_INFORMATION_FORMAT = "dwarf-with-dsym";
				ENABLE_NS_ASSERTIONS = NO;
				ENABLE_STRICT_OBJC_MSGSEND = YES;
				GCC_C_LANGUAGE_STANDARD = gnu11;
				GCC_NO_COMMON_BLOCKS = YES;
				GCC_WARN_64_TO_32_BIT_CONVERSION = YES;
				GCC_WARN_ABOUT_RETURN_TYPE = YES_ERROR;
				GCC_WARN_UNDECLARED_SELECTOR = YES;
				GCC_WARN_UNINITIALIZED_AUTOS = YES_AGGRESSIVE;
				GCC_WARN_UNUSED_FUNCTION = YES;
				GCC_WARN_UNUSED_VARIABLE = YES;
				IPHONEOS_DEPLOYMENT_TARGET = 13.0;
				MTL_ENABLE_DEBUG_INFO = NO;
				MTL_FAST_MATH = YES;
				SDKROOT = iphoneos;
				SWIFT_COMPILATION_MODE = wholemodule;
				SWIFT_OPTIMIZATION_LEVEL = "-O";
				VALIDATE_PRODUCT = YES;
			};
			name = Release;
		};
		8B4D407329FBC5C400FD8CB0 /* Debug */ = {
			isa = XCBuildConfiguration;
			buildSettings = {
				ASSETCATALOG_COMPILER_APPICON_NAME = AppIcon;
				ASSETCATALOG_COMPILER_GLOBAL_ACCENT_COLOR_NAME = AccentColor;
				CODE_SIGN_STYLE = Automatic;
				CURRENT_PROJECT_VERSION = 1;
				DEVELOPMENT_TEAM = 5W68B442C7;
				GENERATE_INFOPLIST_FILE = YES;
				INFOPLIST_FILE = ImageFeed/Info.plist;
				INFOPLIST_KEY_UIApplicationSupportsIndirectInputEvents = YES;
				INFOPLIST_KEY_UILaunchStoryboardName = LaunchScreen;
				INFOPLIST_KEY_UIMainStoryboardFile = Main;
				INFOPLIST_KEY_UISupportedInterfaceOrientations = UIInterfaceOrientationPortrait;
				INFOPLIST_KEY_UISupportedInterfaceOrientations_iPad = UIInterfaceOrientationPortrait;
				INFOPLIST_KEY_UISupportedInterfaceOrientations_iPhone = UIInterfaceOrientationPortrait;
				IPHONEOS_DEPLOYMENT_TARGET = 13.0;
				LD_RUNPATH_SEARCH_PATHS = (
					"$(inherited)",
					"@executable_path/Frameworks",
				);
				MARKETING_VERSION = 1.0;
				PRODUCT_BUNDLE_IDENTIFIER = "ru.v-alekseev.yp.ImageFeed";
				PRODUCT_NAME = "$(TARGET_NAME)";
				SWIFT_EMIT_LOC_STRINGS = YES;
				SWIFT_VERSION = 5.0;
				TARGETED_DEVICE_FAMILY = 1;
			};
			name = Debug;
		};
		8B4D407429FBC5C400FD8CB0 /* Release */ = {
			isa = XCBuildConfiguration;
			buildSettings = {
				ASSETCATALOG_COMPILER_APPICON_NAME = AppIcon;
				ASSETCATALOG_COMPILER_GLOBAL_ACCENT_COLOR_NAME = AccentColor;
				CODE_SIGN_STYLE = Automatic;
				CURRENT_PROJECT_VERSION = 1;
				DEVELOPMENT_TEAM = 5W68B442C7;
				GENERATE_INFOPLIST_FILE = YES;
				INFOPLIST_FILE = ImageFeed/Info.plist;
				INFOPLIST_KEY_UIApplicationSupportsIndirectInputEvents = YES;
				INFOPLIST_KEY_UILaunchStoryboardName = LaunchScreen;
				INFOPLIST_KEY_UIMainStoryboardFile = Main;
				INFOPLIST_KEY_UISupportedInterfaceOrientations = UIInterfaceOrientationPortrait;
				INFOPLIST_KEY_UISupportedInterfaceOrientations_iPad = UIInterfaceOrientationPortrait;
				INFOPLIST_KEY_UISupportedInterfaceOrientations_iPhone = UIInterfaceOrientationPortrait;
				IPHONEOS_DEPLOYMENT_TARGET = 13.0;
				LD_RUNPATH_SEARCH_PATHS = (
					"$(inherited)",
					"@executable_path/Frameworks",
				);
				MARKETING_VERSION = 1.0;
				PRODUCT_BUNDLE_IDENTIFIER = "ru.v-alekseev.yp.ImageFeed";
				PRODUCT_NAME = "$(TARGET_NAME)";
				SWIFT_EMIT_LOC_STRINGS = YES;
				SWIFT_VERSION = 5.0;
				TARGETED_DEVICE_FAMILY = 1;
			};
			name = Release;
		};
		8B8E4CF52A4B824A006D36AD /* Debug */ = {
			isa = XCBuildConfiguration;
			buildSettings = {
				BUNDLE_LOADER = "$(TEST_HOST)";
				CODE_SIGN_STYLE = Automatic;
				CURRENT_PROJECT_VERSION = 1;
				DEVELOPMENT_TEAM = 5W68B442C7;
				GENERATE_INFOPLIST_FILE = YES;
				IPHONEOS_DEPLOYMENT_TARGET = 15.5;
				MARKETING_VERSION = 1.0;
				PRODUCT_BUNDLE_IDENTIFIER = "ru.v-alekseev.yp.ImageFeedTestTable.ImageFeedTests";
				PRODUCT_NAME = "$(TARGET_NAME)";
				SWIFT_EMIT_LOC_STRINGS = NO;
				SWIFT_VERSION = 5.0;
				TARGETED_DEVICE_FAMILY = "1,2";
				TEST_HOST = "$(BUILT_PRODUCTS_DIR)/ImageFeed.app/ImageFeed";
			};
			name = Debug;
		};
		8B8E4CF62A4B824A006D36AD /* Release */ = {
			isa = XCBuildConfiguration;
			buildSettings = {
				BUNDLE_LOADER = "$(TEST_HOST)";
				CODE_SIGN_STYLE = Automatic;
				CURRENT_PROJECT_VERSION = 1;
				DEVELOPMENT_TEAM = 5W68B442C7;
				GENERATE_INFOPLIST_FILE = YES;
				IPHONEOS_DEPLOYMENT_TARGET = 15.5;
				MARKETING_VERSION = 1.0;
				PRODUCT_BUNDLE_IDENTIFIER = "ru.v-alekseev.yp.ImageFeedTestTable.ImageFeedTests";
				PRODUCT_NAME = "$(TARGET_NAME)";
				SWIFT_EMIT_LOC_STRINGS = NO;
				SWIFT_VERSION = 5.0;
				TARGETED_DEVICE_FAMILY = "1,2";
				TEST_HOST = "$(BUILT_PRODUCTS_DIR)/ImageFeed.app/ImageFeed";
			};
			name = Release;
		};
/* End XCBuildConfiguration section */

/* Begin XCConfigurationList section */
		8B4D405929FBC5BD00FD8CB0 /* Build configuration list for PBXProject "ImageFeed" */ = {
			isa = XCConfigurationList;
			buildConfigurations = (
				8B4D407029FBC5C400FD8CB0 /* Debug */,
				8B4D407129FBC5C400FD8CB0 /* Release */,
			);
			defaultConfigurationIsVisible = 0;
			defaultConfigurationName = Release;
		};
		8B4D407229FBC5C400FD8CB0 /* Build configuration list for PBXNativeTarget "ImageFeed" */ = {
			isa = XCConfigurationList;
			buildConfigurations = (
				8B4D407329FBC5C400FD8CB0 /* Debug */,
				8B4D407429FBC5C400FD8CB0 /* Release */,
			);
			defaultConfigurationIsVisible = 0;
			defaultConfigurationName = Release;
		};
		8B8E4CF42A4B824A006D36AD /* Build configuration list for PBXNativeTarget "ImageFeedTests" */ = {
			isa = XCConfigurationList;
			buildConfigurations = (
				8B8E4CF52A4B824A006D36AD /* Debug */,
				8B8E4CF62A4B824A006D36AD /* Release */,
			);
			defaultConfigurationIsVisible = 0;
			defaultConfigurationName = Release;
		};
/* End XCConfigurationList section */

/* Begin XCRemoteSwiftPackageReference section */
		8B0E6A2E2A379DC500F73A65 /* XCRemoteSwiftPackageReference "ProgressHUD" */ = {
			isa = XCRemoteSwiftPackageReference;
			repositoryURL = "https://github.com/relatedcode/ProgressHUD";
			requirement = {
				kind = exactVersion;
				version = 13.6.2;
			};
		};
		8B8E4CD92A43823D006D36AD /* XCRemoteSwiftPackageReference "Kingfisher" */ = {
			isa = XCRemoteSwiftPackageReference;
			repositoryURL = "https://github.com/onevcat/Kingfisher";
			requirement = {
				kind = upToNextMinorVersion;
				minimumVersion = 7.8.0;
			};
		};
		8B8E4CDC2A443E86006D36AD /* XCRemoteSwiftPackageReference "SwiftKeychainWrapper" */ = {
			isa = XCRemoteSwiftPackageReference;
			repositoryURL = "https://github.com/jrendel/SwiftKeychainWrapper";
			requirement = {
				kind = exactVersion;
				version = 4.0.1;
			};
		};
/* End XCRemoteSwiftPackageReference section */

/* Begin XCSwiftPackageProductDependency section */
		8B0E6A2F2A379DC500F73A65 /* ProgressHUD */ = {
			isa = XCSwiftPackageProductDependency;
			package = 8B0E6A2E2A379DC500F73A65 /* XCRemoteSwiftPackageReference "ProgressHUD" */;
			productName = ProgressHUD;
		};
		8B8E4CDA2A43823D006D36AD /* Kingfisher */ = {
			isa = XCSwiftPackageProductDependency;
			package = 8B8E4CD92A43823D006D36AD /* XCRemoteSwiftPackageReference "Kingfisher" */;
			productName = Kingfisher;
		};
		8B8E4CDD2A443E86006D36AD /* SwiftKeychainWrapper */ = {
			isa = XCSwiftPackageProductDependency;
			package = 8B8E4CDC2A443E86006D36AD /* XCRemoteSwiftPackageReference "SwiftKeychainWrapper" */;
			productName = SwiftKeychainWrapper;
		};
/* End XCSwiftPackageProductDependency section */
	};
	rootObject = 8B4D405629FBC5BD00FD8CB0 /* Project object */;
}
